
Microsoft Visual Studio Solution File, Format Version 12.00
# Visual Studio 15
Project("{FAE04EC0-301F-11D3-BF4B-00C04F79EFBC}") = "Provisorio2", "Provisorio2.csproj", "{EE8A586E-AAB7-128D-CFF8-E33079F3959A}"
EndProject
Project("{FAE04EC0-301F-11D3-BF4B-00C04F79EFBC}") = "Provisorio2.Editor", "Provisorio2.Editor.csproj", "{4425B23F-D5AB-07BD-7E0C-AD3300C4AFAA}"
EndProject
Global
	GlobalSection(SolutionConfigurationPlatforms) = preSolution
		Debug|Any CPU = Debug|Any CPU
		Release|Any CPU = Release|Any CPU
	EndGlobalSection
	GlobalSection(ProjectConfigurationPlatforms) = postSolution
		{EE8A586E-AAB7-128D-CFF8-E33079F3959A}.Debug|Any CPU.ActiveCfg = Debug|Any CPU
		{EE8A586E-AAB7-128D-CFF8-E33079F3959A}.Debug|Any CPU.Build.0 = Debug|Any CPU
		{EE8A586E-AAB7-128D-CFF8-E33079F3959A}.Release|Any CPU.ActiveCfg = Release|Any CPU
		{EE8A586E-AAB7-128D-CFF8-E33079F3959A}.Release|Any CPU.Build.0 = Release|Any CPU
		{4425B23F-D5AB-07BD-7E0C-AD3300C4AFAA}.Debug|Any CPU.ActiveCfg = Debug|Any CPU
		{4425B23F-D5AB-07BD-7E0C-AD3300C4AFAA}.Debug|Any CPU.Build.0 = Debug|Any CPU
		{4425B23F-D5AB-07BD-7E0C-AD3300C4AFAA}.Release|Any CPU.ActiveCfg = Release|Any CPU
		{4425B23F-D5AB-07BD-7E0C-AD3300C4AFAA}.Release|Any CPU.Build.0 = Release|Any CPU
	EndGlobalSection
	GlobalSection(SolutionProperties) = preSolution
		HideSolutionNode = FALSE
	EndGlobalSection
EndGlobal
